
Microsoft Visual Studio Solution File, Format Version 12.00
# Visual Studio Version 17
VisualStudioVersion = 17.8.34525.116
MinimumVisualStudioVersion = 10.0.40219.1
Project("{FAE04EC0-301F-11D3-BF4B-00C04F79EFBC}") = "Cliente App", "Cliente App\Cliente App.csproj", "{49D7201C-9379-4390-AF85-4682B46FD9B0}"
EndProject
Global
	GlobalSection(SolutionConfigurationPlatforms) = preSolution
		Debug|Any CPU = Debug|Any CPU
		Release|Any CPU = Release|Any CPU
	EndGlobalSection
	GlobalSection(ProjectConfigurationPlatforms) = postSolution
		{49D7201C-9379-4390-AF85-4682B46FD9B0}.Debug|Any CPU.ActiveCfg = Debug|Any CPU
		{49D7201C-9379-4390-AF85-4682B46FD9B0}.Debug|Any CPU.Build.0 = Debug|Any CPU
		{49D7201C-9379-4390-AF85-4682B46FD9B0}.Release|Any CPU.ActiveCfg = Release|Any CPU
		{49D7201C-9379-4390-AF85-4682B46FD9B0}.Release|Any CPU.Build.0 = Release|Any CPU
	EndGlobalSection
	GlobalSection(SolutionProperties) = preSolution
		HideSolutionNode = FALSE
	EndGlobalSection
	GlobalSection(ExtensibilityGlobals) = postSolution
		SolutionGuid = {D4B415BC-2001-4096-A847-E87201AFF1EB}
	EndGlobalSection
EndGlobal
